github.com/k2-fsa/sherpa-onnx-go v1.12.30 h1:t0BjuO0Y2epT/V71KlajlhLoP/A4ZELLDHRbyWwm14A=
github.com/k2-fsa/sherpa-onnx-go v1.12.30/go.mod h1:B/ynRbVa5gpYoZYeYgY3zPi4MTfKk95UZueZDSIhbjk=
github.com/k2-fsa/sherpa-onnx-go-linux v1.12.33 h1:x5W6VlXi2241f0vf0yUZQzpibxb6sjNvtA9l19kDjjg=
github.com/k2-fsa/sherpa-onnx-go-linux v1.12.33/go.mod h1:NXEH2rsBgTdqY59YpPq6CtSBlBAXy/8a9FmpLERU97I=
github.com/k2-fsa/sherpa-onnx-go-macos v1.12.33 h1:DHXCy5OPqLBwCWuuRdDSLgFjojIGmlGPB3cZOa9ADkM=
github.com/k2-fsa/sherpa-onnx-go-macos v1.12.33/go.mod h1:ZOhUAXC62Unj0ZNfu6zxSFKcW96aXf7P3BsqiUyOBbE=
github.com/k2-fsa/sherpa-onnx-go-windows v1.12.33 h1:1fnMgko7nj6fGxio2RCoBioRodEYRPrt4QebWBGl91Q=
github.com/k2-fsa/sherpa-onnx-go-windows v1.12.33/go.mod h1:5AX7TU8+P/gInjglY1ijtWUM2b8iyR0QX4yEngzMe64=
github.com/systemd/slog-journal v0.1.2 h1:oU30ghDjjSsQGBGQLzunPeURHe7fyh0Z99Ap5QeiMFY=
github.com/systemd/slog-journal v0.1.2/go.mod h1:3ekGgwBlzs82itNN6iG6c3R1iEhkbrvBCpQHxine2L8=
golang.org/x/sys v0.39.0 h1:CvCKL8MeisomCi6qNZ+wbb0DN9E5AATixKsvNtMoMFk=
golang.org/x/sys v0.39.0/go.mod h1:OgkHotnGiDImocRcuBABYBEXf8A9a87e/uXjp9XT3ks=
